
Microsoft Visual Studio Solution File, Format Version 12.00
# Visual Studio 15
VisualStudioVersion = 15.0.27703.2047
MinimumVisualStudioVersion = 10.0.40219.1
Project("{FAE04EC0-301F-11D3-BF4B-00C04F79EFBC}") = "Sales.Android", "Sales\Sales.Android\Sales.Android.csproj", "{4AA0A0CA-641F-4081-AE4A-124615702934}"
EndProject
Project("{FAE04EC0-301F-11D3-BF4B-00C04F79EFBC}") = "Sales.iOS", "Sales\Sales.iOS\Sales.iOS.csproj", "{FB9F48B8-05C2-4DF8-AA77-2CE491FF72AD}"
EndProject
Project("{9A19103F-16F7-4668-BE54-9A1E7A4F7556}") = "Sales", "Sales\Sales\Sales.csproj", "{7D81195E-F469-4107-B3AE-3321BF8055F4}"
EndProject
Project("{FAE04EC0-301F-11D3-BF4B-00C04F79EFBC}") = "Sales.Backend", "Sales.Backend\Sales.Backend.csproj", "{25DD6BB7-32B1-4959-A44A-C51DB4958EE2}"
EndProject
Project("{FAE04EC0-301F-11D3-BF4B-00C04F79EFBC}") = "Sales.API", "Sales.API\Sales.API.csproj", "{18E77323-8AAE-47A9-BA47-01A456444C08}"
EndProject
Project("{FAE04EC0-301F-11D3-BF4B-00C04F79EFBC}") = "Sales.Domain", "Sales.Domain\Sales.Domain.csproj", "{B5DF8A8E-EFD3-43F8-ADFA-7DD4160BF2F8}"
EndProject
Project("{FAE04EC0-301F-11D3-BF4B-00C04F79EFBC}") = "Sales.Common", "Sales.Common\Sales.Common.csproj", "{248B4BE6-E37C-4513-9CA6-A334C7514E25}"
EndProject
Global
	GlobalSection(SolutionConfigurationPlatforms) = preSolution
		Ad-Hoc|Any CPU = Ad-Hoc|Any CPU
		Ad-Hoc|iPhone = Ad-Hoc|iPhone
		Ad-Hoc|iPhoneSimulator = Ad-Hoc|iPhoneSimulator
		AppStore|Any CPU = AppStore|Any CPU
		AppStore|iPhone = AppStore|iPhone
		AppStore|iPhoneSimulator = AppStore|iPhoneSimulator
		Debug|Any CPU = Debug|Any CPU
		Debug|iPhone = Debug|iPhone
		Debug|iPhoneSimulator = Debug|iPhoneSimulator
		Release|Any CPU = Release|Any CPU
		Release|iPhone = Release|iPhone
		Release|iPhoneSimulator = Release|iPhoneSimulator
	EndGlobalSection
	GlobalSection(ProjectConfigurationPlatforms) = postSolution
		{4AA0A0CA-641F-4081-AE4A-124615702934}.Ad-Hoc|Any CPU.ActiveCfg = Release|Any CPU
		{4AA0A0CA-641F-4081-AE4A-124615702934}.Ad-Hoc|Any CPU.Build.0 = Release|Any CPU
		{4AA0A0CA-641F-4081-AE4A-124615702934}.Ad-Hoc|Any CPU.Deploy.0 = Release|Any CPU
		{4AA0A0CA-641F-4081-AE4A-124615702934}.Ad-Hoc|iPhone.ActiveCfg = Release|Any CPU
		{4AA0A0CA-641F-4081-AE4A-124615702934}.Ad-Hoc|iPhone.Build.0 = Release|Any CPU
		{4AA0A0CA-641F-4081-AE4A-124615702934}.Ad-Hoc|iPhone.Deploy.0 = Release|Any CPU
		{4AA0A0CA-641F-4081-AE4A-124615702934}.Ad-Hoc|iPhoneSimulator.ActiveCfg = Release|Any CPU
		{4AA0A0CA-641F-4081-AE4A-124615702934}.Ad-Hoc|iPhoneSimulator.Build.0 = Release|Any CPU
		{4AA0A0CA-641F-4081-AE4A-124615702934}.Ad-Hoc|iPhoneSimulator.Deploy.0 = Release|Any CPU
		{4AA0A0CA-641F-4081-AE4A-124615702934}.AppStore|Any CPU.ActiveCfg = Release|Any CPU
		{4AA0A0CA-641F-4081-AE4A-124615702934}.AppStore|Any CPU.Build.0 = Release|Any CPU
		{4AA0A0CA-641F-4081-AE4A-124615702934}.AppStore|Any CPU.Deploy.0 = Release|Any CPU
		{4AA0A0CA-641F-4081-AE4A-124615702934}.AppStore|iPhone.ActiveCfg = Release|Any CPU
		{4AA0A0CA-641F-4081-AE4A-124615702934}.AppStore|iPhone.Build.0 = Release|Any CPU
		{4AA0A0CA-641F-4081-AE4A-124615702934}.AppStore|iPhone.Deploy.0 = Release|Any CPU
		{4AA0A0CA-641F-4081-AE4A-124615702934}.AppStore|iPhoneSimulator.ActiveCfg = Release|Any CPU
		{4AA0A0CA-641F-4081-AE4A-124615702934}.AppStore|iPhoneSimulator.Build.0 = Release|Any CPU
		{4AA0A0CA-641F-4081-AE4A-124615702934}.AppStore|iPhoneSimulator.Deploy.0 = Release|Any CPU
		{4AA0A0CA-641F-4081-AE4A-124615702934}.Debug|Any CPU.ActiveCfg = Debug|Any CPU
		{4AA0A0CA-641F-4081-AE4A-124615702934}.Debug|Any CPU.Build.0 = Debug|Any CPU
		{4AA0A0CA-641F-4081-AE4A-124615702934}.Debug|Any CPU.Deploy.0 = Debug|Any CPU
		{4AA0A0CA-641F-4081-AE4A-124615702934}.Debug|iPhone.ActiveCfg = Debug|Any CPU
		{4AA0A0CA-641F-4081-AE4A-124615702934}.Debug|iPhone.Build.0 = Debug|Any CPU
		{4AA0A0CA-641F-4081-AE4A-124615702934}.Debug|iPhone.Deploy.0 = Debug|Any CPU
		{4AA0A0CA-641F-4081-AE4A-124615702934}.Debug|iPhoneSimulator.ActiveCfg = Debug|Any CPU
		{4AA0A0CA-641F-4081-AE4A-124615702934}.Debug|iPhoneSimulator.Build.0 = Debug|Any CPU
		{4AA0A0CA-641F-4081-AE4A-124615702934}.Debug|iPhoneSimulator.Deploy.0 = Debug|Any CPU
		{4AA0A0CA-641F-4081-AE4A-124615702934}.Release|Any CPU.ActiveCfg = Release|Any CPU
		{4AA0A0CA-641F-4081-AE4A-124615702934}.Release|Any CPU.Build.0 = Release|Any CPU
		{4AA0A0CA-641F-4081-AE4A-124615702934}.Release|Any CPU.Deploy.0 = Release|Any CPU
		{4AA0A0CA-641F-4081-AE4A-124615702934}.Release|iPhone.ActiveCfg = Release|Any CPU
		{4AA0A0CA-641F-4081-AE4A-124615702934}.Release|iPhone.Build.0 = Release|Any CPU
		{4AA0A0CA-641F-4081-AE4A-124615702934}.Release|iPhone.Deploy.0 = Release|Any CPU
		{4AA0A0CA-641F-4081-AE4A-124615702934}.Release|iPhoneSimulator.ActiveCfg = Release|Any CPU
		{4AA0A0CA-641F-4081-AE4A-124615702934}.Release|iPhoneSimulator.Build.0 = Release|Any CPU
		{4AA0A0CA-641F-4081-AE4A-124615702934}.Release|iPhoneSimulator.Deploy.0 = Release|Any CPU
		{FB9F48B8-05C2-4DF8-AA77-2CE491FF72AD}.Ad-Hoc|Any CPU.ActiveCfg = Ad-Hoc|iPhone
		{FB9F48B8-05C2-4DF8-AA77-2CE491FF72AD}.Ad-Hoc|Any CPU.Build.0 = Ad-Hoc|iPhone
		{FB9F48B8-05C2-4DF8-AA77-2CE491FF72AD}.Ad-Hoc|Any CPU.Deploy.0 = Ad-Hoc|iPhone
		{FB9F48B8-05C2-4DF8-AA77-2CE491FF72AD}.Ad-Hoc|iPhone.ActiveCfg = Ad-Hoc|iPhone
		{FB9F48B8-05C2-4DF8-AA77-2CE491FF72AD}.Ad-Hoc|iPhone.Build.0 = Ad-Hoc|iPhone
		{FB9F48B8-05C2-4DF8-AA77-2CE491FF72AD}.Ad-Hoc|iPhone.Deploy.0 = Ad-Hoc|iPhone
		{FB9F48B8-05C2-4DF8-AA77-2CE491FF72AD}.Ad-Hoc|iPhoneSimulator.ActiveCfg = Ad-Hoc|iPhoneSimulator
		{FB9F48B8-05C2-4DF8-AA77-2CE491FF72AD}.Ad-Hoc|iPhoneSimulator.Build.0 = Ad-Hoc|iPhoneSimulator
		{FB9F48B8-05C2-4DF8-AA77-2CE491FF72AD}.Ad-Hoc|iPhoneSimulator.Deploy.0 = Ad-Hoc|iPhoneSimulator
		{FB9F48B8-05C2-4DF8-AA77-2CE491FF72AD}.AppStore|Any CPU.ActiveCfg = AppStore|iPhone
		{FB9F48B8-05C2-4DF8-AA77-2CE491FF72AD}.AppStore|Any CPU.Build.0 = AppStore|iPhone
		{FB9F48B8-05C2-4DF8-AA77-2CE491FF72AD}.AppStore|Any CPU.Deploy.0 = AppStore|iPhone
		{FB9F48B8-05C2-4DF8-AA77-2CE491FF72AD}.AppStore|iPhone.ActiveCfg = AppStore|iPhone
		{FB9F48B8-05C2-4DF8-AA77-2CE491FF72AD}.AppStore|iPhone.Build.0 = AppStore|iPhone
		{FB9F48B8-05C2-4DF8-AA77-2CE491FF72AD}.AppStore|iPhone.Deploy.0 = AppStore|iPhone
		{FB9F48B8-05C2-4DF8-AA77-2CE491FF72AD}.AppStore|iPhoneSimulator.ActiveCfg = AppStore|iPhoneSimulator
		{FB9F48B8-05C2-4DF8-AA77-2CE491FF72AD}.AppStore|iPhoneSimulator.Build.0 = AppStore|iPhoneSimulator
		{FB9F48B8-05C2-4DF8-AA77-2CE491FF72AD}.AppStore|iPhoneSimulator.Deploy.0 = AppStore|iPhoneSimulator
		{FB9F48B8-05C2-4DF8-AA77-2CE491FF72AD}.Debug|Any CPU.ActiveCfg = Debug|iPhoneSimulator
		{FB9F48B8-05C2-4DF8-AA77-2CE491FF72AD}.Debug|Any CPU.Build.0 = Debug|iPhoneSimulator
		{FB9F48B8-05C2-4DF8-AA77-2CE491FF72AD}.Debug|Any CPU.Deploy.0 = Debug|iPhoneSimulator
		{FB9F48B8-05C2-4DF8-AA77-2CE491FF72AD}.Debug|iPhone.ActiveCfg = Debug|iPhone
		{FB9F48B8-05C2-4DF8-AA77-2CE491FF72AD}.Debug|iPhone.Build.0 = Debug|iPhone
		{FB9F48B8-05C2-4DF8-AA77-2CE491FF72AD}.Debug|iPhone.Deploy.0 = Debug|iPhone
		{FB9F48B8-05C2-4DF8-AA77-2CE491FF72AD}.Debug|iPhoneSimulator.ActiveCfg = Debug|iPhoneSimulator
		{FB9F48B8-05C2-4DF8-AA77-2CE491FF72AD}.Debug|iPhoneSimulator.Build.0 = Debug|iPhoneSimulator
		{FB9F48B8-05C2-4DF8-AA77-2CE491FF72AD}.Debug|iPhoneSimulator.Deploy.0 = Debug|iPhoneSimulator
		{FB9F48B8-05C2-4DF8-AA77-2CE491FF72AD}.Release|Any CPU.ActiveCfg = Release|iPhone
		{FB9F48B8-05C2-4DF8-AA77-2CE491FF72AD}.Release|Any CPU.Build.0 = Release|iPhone
		{FB9F48B8-05C2-4DF8-AA77-2CE491FF72AD}.Release|Any CPU.Deploy.0 = Release|iPhone
		{FB9F48B8-05C2-4DF8-AA77-2CE491FF72AD}.Release|iPhone.ActiveCfg = Release|iPhone
		{FB9F48B8-05C2-4DF8-AA77-2CE491FF72AD}.Release|iPhone.Build.0 = Release|iPhone
		{FB9F48B8-05C2-4DF8-AA77-2CE491FF72AD}.Release|iPhone.Deploy.0 = Release|iPhone
		{FB9F48B8-05C2-4DF8-AA77-2CE491FF72AD}.Release|iPhoneSimulator.ActiveCfg = Release|iPhoneSimulator
		{FB9F48B8-05C2-4DF8-AA77-2CE491FF72AD}.Release|iPhoneSimulator.Build.0 = Release|iPhoneSimulator
		{FB9F48B8-05C2-4DF8-AA77-2CE491FF72AD}.Release|iPhoneSimulator.Deploy.0 = Release|iPhoneSimulator
		{7D81195E-F469-4107-B3AE-3321BF8055F4}.Ad-Hoc|Any CPU.ActiveCfg = Debug|Any CPU
		{7D81195E-F469-4107-B3AE-3321BF8055F4}.Ad-Hoc|Any CPU.Build.0 = Debug|Any CPU
		{7D81195E-F469-4107-B3AE-3321BF8055F4}.Ad-Hoc|Any CPU.Deploy.0 = Debug|Any CPU
		{7D81195E-F469-4107-B3AE-3321BF8055F4}.Ad-Hoc|iPhone.ActiveCfg = Debug|Any CPU
		{7D81195E-F469-4107-B3AE-3321BF8055F4}.Ad-Hoc|iPhone.Build.0 = Debug|Any CPU
		{7D81195E-F469-4107-B3AE-3321BF8055F4}.Ad-Hoc|iPhone.Deploy.0 = Debug|Any CPU
		{7D81195E-F469-4107-B3AE-3321BF8055F4}.Ad-Hoc|iPhoneSimulator.ActiveCfg = Debug|Any CPU
		{7D81195E-F469-4107-B3AE-3321BF8055F4}.Ad-Hoc|iPhoneSimulator.Build.0 = Debug|Any CPU
		{7D81195E-F469-4107-B3AE-3321BF8055F4}.Ad-Hoc|iPhoneSimulator.Deploy.0 = Debug|Any CPU
		{7D81195E-F469-4107-B3AE-3321BF8055F4}.AppStore|Any CPU.ActiveCfg = Debug|Any CPU
		{7D81195E-F469-4107-B3AE-3321BF8055F4}.AppStore|Any CPU.Build.0 = Debug|Any CPU
		{7D81195E-F469-4107-B3AE-3321BF8055F4}.AppStore|Any CPU.Deploy.0 = Debug|Any CPU
		{7D81195E-F469-4107-B3AE-3321BF8055F4}.AppStore|iPhone.ActiveCfg = Debug|Any CPU
		{7D81195E-F469-4107-B3AE-3321BF8055F4}.AppStore|iPhone.Build.0 = Debug|Any CPU
		{7D81195E-F469-4107-B3AE-3321BF8055F4}.AppStore|iPhone.Deploy.0 = Debug|Any CPU
		{7D81195E-F469-4107-B3AE-3321BF8055F4}.AppStore|iPhoneSimulator.ActiveCfg = Debug|Any CPU
		{7D81195E-F469-4107-B3AE-3321BF8055F4}.AppStore|iPhoneSimulator.Build.0 = Debug|Any CPU
		{7D81195E-F469-4107-B3AE-3321BF8055F4}.AppStore|iPhoneSimulator.Deploy.0 = Debug|Any CPU
		{7D81195E-F469-4107-B3AE-3321BF8055F4}.Debug|Any CPU.ActiveCfg = Debug|Any CPU
		{7D81195E-F469-4107-B3AE-3321BF8055F4}.Debug|Any CPU.Build.0 = Debug|Any CPU
		{7D81195E-F469-4107-B3AE-3321BF8055F4}.Debug|Any CPU.Deploy.0 = Debug|Any CPU
		{7D81195E-F469-4107-B3AE-3321BF8055F4}.Debug|iPhone.ActiveCfg = Debug|Any CPU
		{7D81195E-F469-4107-B3AE-3321BF8055F4}.Debug|iPhone.Build.0 = Debug|Any CPU
		{7D81195E-F469-4107-B3AE-3321BF8055F4}.Debug|iPhone.Deploy.0 = Debug|Any CPU
		{7D81195E-F469-4107-B3AE-3321BF8055F4}.Debug|iPhoneSimulator.ActiveCfg = Debug|Any CPU
		{7D81195E-F469-4107-B3AE-3321BF8055F4}.Debug|iPhoneSimulator.Build.0 = Debug|Any CPU
		{7D81195E-F469-4107-B3AE-3321BF8055F4}.Debug|iPhoneSimulator.Deploy.0 = Debug|Any CPU
		{7D81195E-F469-4107-B3AE-3321BF8055F4}.Release|Any CPU.ActiveCfg = Release|Any CPU
		{7D81195E-F469-4107-B3AE-3321BF8055F4}.Release|Any CPU.Build.0 = Release|Any CPU
		{7D81195E-F469-4107-B3AE-3321BF8055F4}.Release|Any CPU.Deploy.0 = Release|Any CPU
		{7D81195E-F469-4107-B3AE-3321BF8055F4}.Release|iPhone.ActiveCfg = Release|Any CPU
		{7D81195E-F469-4107-B3AE-3321BF8055F4}.Release|iPhone.Build.0 = Release|Any CPU
		{7D81195E-F469-4107-B3AE-3321BF8055F4}.Release|iPhone.Deploy.0 = Release|Any CPU
		{7D81195E-F469-4107-B3AE-3321BF8055F4}.Release|iPhoneSimulator.ActiveCfg = Release|Any CPU
		{7D81195E-F469-4107-B3AE-3321BF8055F4}.Release|iPhoneSimulator.Build.0 = Release|Any CPU
		{7D81195E-F469-4107-B3AE-3321BF8055F4}.Release|iPhoneSimulator.Deploy.0 = Release|Any CPU
		{25DD6BB7-32B1-4959-A44A-C51DB4958EE2}.Ad-Hoc|Any CPU.ActiveCfg = Release|Any CPU
		{25DD6BB7-32B1-4959-A44A-C51DB4958EE2}.Ad-Hoc|Any CPU.Build.0 = Release|Any CPU
		{25DD6BB7-32B1-4959-A44A-C51DB4958EE2}.Ad-Hoc|iPhone.ActiveCfg = Release|Any CPU
		{25DD6BB7-32B1-4959-A44A-C51DB4958EE2}.Ad-Hoc|iPhone.Build.0 = Release|Any CPU
		{25DD6BB7-32B1-4959-A44A-C51DB4958EE2}.Ad-Hoc|iPhoneSimulator.ActiveCfg = Release|Any CPU
		{25DD6BB7-32B1-4959-A44A-C51DB4958EE2}.Ad-Hoc|iPhoneSimulator.Build.0 = Release|Any CPU
		{25DD6BB7-32B1-4959-A44A-C51DB4958EE2}.AppStore|Any CPU.ActiveCfg = Release|Any CPU
		{25DD6BB7-32B1-4959-A44A-C51DB4958EE2}.AppStore|Any CPU.Build.0 = Release|Any CPU
		{25DD6BB7-32B1-4959-A44A-C51DB4958EE2}.AppStore|iPhone.ActiveCfg = Release|Any CPU
		{25DD6BB7-32B1-4959-A44A-C51DB4958EE2}.AppStore|iPhone.Build.0 = Release|Any CPU
		{25DD6BB7-32B1-4959-A44A-C51DB4958EE2}.AppStore|iPhoneSimulator.ActiveCfg = Release|Any CPU
		{25DD6BB7-32B1-4959-A44A-C51DB4958EE2}.AppStore|iPhoneSimulator.Build.0 = Release|Any CPU
		{25DD6BB7-32B1-4959-A44A-C51DB4958EE2}.Debug|Any CPU.ActiveCfg = Debug|Any CPU
		{25DD6BB7-32B1-4959-A44A-C51DB4958EE2}.Debug|Any CPU.Build.0 = Debug|Any CPU
		{25DD6BB7-32B1-4959-A44A-C51DB4958EE2}.Debug|iPhone.ActiveCfg = Debug|Any CPU
		{25DD6BB7-32B1-4959-A44A-C51DB4958EE2}.Debug|iPhone.Build.0 = Debug|Any CPU
		{25DD6BB7-32B1-4959-A44A-C51DB4958EE2}.Debug|iPhoneSimulator.ActiveCfg = Debug|Any CPU
		{25DD6BB7-32B1-4959-A44A-C51DB4958EE2}.Debug|iPhoneSimulator.Build.0 = Debug|Any CPU
		{25DD6BB7-32B1-4959-A44A-C51DB4958EE2}.Release|Any CPU.ActiveCfg = Release|Any CPU
		{25DD6BB7-32B1-4959-A44A-C51DB4958EE2}.Release|Any CPU.Build.0 = Release|Any CPU
		{25DD6BB7-32B1-4959-A44A-C51DB4958EE2}.Release|iPhone.ActiveCfg = Release|Any CPU
		{25DD6BB7-32B1-4959-A44A-C51DB4958EE2}.Release|iPhone.Build.0 = Release|Any CPU
		{25DD6BB7-32B1-4959-A44A-C51DB4958EE2}.Release|iPhoneSimulator.ActiveCfg = Release|Any CPU
		{25DD6BB7-32B1-4959-A44A-C51DB4958EE2}.Release|iPhoneSimulator.Build.0 = Release|Any CPU
		{18E77323-8AAE-47A9-BA47-01A456444C08}.Ad-Hoc|Any CPU.ActiveCfg = Release|Any CPU
		{18E77323-8AAE-47A9-BA47-01A456444C08}.Ad-Hoc|Any CPU.Build.0 = Release|Any CPU
		{18E77323-8AAE-47A9-BA47-01A456444C08}.Ad-Hoc|iPhone.ActiveCfg = Release|Any CPU
		{18E77323-8AAE-47A9-BA47-01A456444C08}.Ad-Hoc|iPhone.Build.0 = Release|Any CPU
		{18E77323-8AAE-47A9-BA47-01A456444C08}.Ad-Hoc|iPhoneSimulator.ActiveCfg = Release|Any CPU
		{18E77323-8AAE-47A9-BA47-01A456444C08}.Ad-Hoc|iPhoneSimulator.Build.0 = Release|Any CPU
		{18E77323-8AAE-47A9-BA47-01A456444C08}.AppStore|Any CPU.ActiveCfg = Release|Any CPU
		{18E77323-8AAE-47A9-BA47-01A456444C08}.AppStore|Any CPU.Build.0 = Release|Any CPU
		{18E77323-8AAE-47A9-BA47-01A456444C08}.AppStore|iPhone.ActiveCfg = Release|Any CPU
		{18E77323-8AAE-47A9-BA47-01A456444C08}.AppStore|iPhone.Build.0 = Release|Any CPU
		{18E77323-8AAE-47A9-BA47-01A456444C08}.AppStore|iPhoneSimulator.ActiveCfg = Release|Any CPU
		{18E77323-8AAE-47A9-BA47-01A456444C08}.AppStore|iPhoneSimulator.Build.0 = Release|Any CPU
		{18E77323-8AAE-47A9-BA47-01A456444C08}.Debug|Any CPU.ActiveCfg = Debug|Any CPU
		{18E77323-8AAE-47A9-BA47-01A456444C08}.Debug|Any CPU.Build.0 = Debug|Any CPU
		{18E77323-8AAE-47A9-BA47-01A456444C08}.Debug|iPhone.ActiveCfg = Debug|Any CPU
		{18E77323-8AAE-47A9-BA47-01A456444C08}.Debug|iPhone.Build.0 = Debug|Any CPU
		{18E77323-8AAE-47A9-BA47-01A456444C08}.Debug|iPhoneSimulator.ActiveCfg = Debug|Any CPU
		{18E77323-8AAE-47A9-BA47-01A456444C08}.Debug|iPhoneSimulator.Build.0 = Debug|Any CPU
		{18E77323-8AAE-47A9-BA47-01A456444C08}.Release|Any CPU.ActiveCfg = Release|Any CPU
		{18E77323-8AAE-47A9-BA47-01A456444C08}.Release|Any CPU.Build.0 = Release|Any CPU
		{18E77323-8AAE-47A9-BA47-01A456444C08}.Release|iPhone.ActiveCfg = Release|Any CPU
		{18E77323-8AAE-47A9-BA47-01A456444C08}.Release|iPhone.Build.0 = Release|Any CPU
		{18E77323-8AAE-47A9-BA47-01A456444C08}.Release|iPhoneSimulator.ActiveCfg = Release|Any CPU
		{18E77323-8AAE-47A9-BA47-01A456444C08}.Release|iPhoneSimulator.Build.0 = Release|Any CPU
		{B5DF8A8E-EFD3-43F8-ADFA-7DD4160BF2F8}.Ad-Hoc|Any CPU.ActiveCfg = Release|Any CPU
		{B5DF8A8E-EFD3-43F8-ADFA-7DD4160BF2F8}.Ad-Hoc|Any CPU.Build.0 = Release|Any CPU
		{B5DF8A8E-EFD3-43F8-ADFA-7DD4160BF2F8}.Ad-Hoc|iPhone.ActiveCfg = Release|Any CPU
		{B5DF8A8E-EFD3-43F8-ADFA-7DD4160BF2F8}.Ad-Hoc|iPhone.Build.0 = Release|Any CPU
		{B5DF8A8E-EFD3-43F8-ADFA-7DD4160BF2F8}.Ad-Hoc|iPhoneSimulator.ActiveCfg = Release|Any CPU
		{B5DF8A8E-EFD3-43F8-ADFA-7DD4160BF2F8}.Ad-Hoc|iPhoneSimulator.Build.0 = Release|Any CPU
		{B5DF8A8E-EFD3-43F8-ADFA-7DD4160BF2F8}.AppStore|Any CPU.ActiveCfg = Release|Any CPU
		{B5DF8A8E-EFD3-43F8-ADFA-7DD4160BF2F8}.AppStore|Any CPU.Build.0 = Release|Any CPU
		{B5DF8A8E-EFD3-43F8-ADFA-7DD4160BF2F8}.AppStore|iPhone.ActiveCfg = Release|Any CPU
		{B5DF8A8E-EFD3-43F8-ADFA-7DD4160BF2F8}.AppStore|iPhone.Build.0 = Release|Any CPU
		{B5DF8A8E-EFD3-43F8-ADFA-7DD4160BF2F8}.AppStore|iPhoneSimulator.ActiveCfg = Release|Any CPU
		{B5DF8A8E-EFD3-43F8-ADFA-7DD4160BF2F8}.AppStore|iPhoneSimulator.Build.0 = Release|Any CPU
		{B5DF8A8E-EFD3-43F8-ADFA-7DD4160BF2F8}.Debug|Any CPU.ActiveCfg = Debug|Any CPU
		{B5DF8A8E-EFD3-43F8-ADFA-7DD4160BF2F8}.Debug|Any CPU.Build.0 = Debug|Any CPU
		{B5DF8A8E-EFD3-43F8-ADFA-7DD4160BF2F8}.Debug|iPhone.ActiveCfg = Debug|Any CPU
		{B5DF8A8E-EFD3-43F8-ADFA-7DD4160BF2F8}.Debug|iPhone.Build.0 = Debug|Any CPU
		{B5DF8A8E-EFD3-43F8-ADFA-7DD4160BF2F8}.Debug|iPhoneSimulator.ActiveCfg = Debug|Any CPU
		{B5DF8A8E-EFD3-43F8-ADFA-7DD4160BF2F8}.Debug|iPhoneSimulator.Build.0 = Debug|Any CPU
		{B5DF8A8E-EFD3-43F8-ADFA-7DD4160BF2F8}.Release|Any CPU.ActiveCfg = Release|Any CPU
		{B5DF8A8E-EFD3-43F8-ADFA-7DD4160BF2F8}.Release|Any CPU.Build.0 = Release|Any CPU
		{B5DF8A8E-EFD3-43F8-ADFA-7DD4160BF2F8}.Release|iPhone.ActiveCfg = Release|Any CPU
		{B5DF8A8E-EFD3-43F8-ADFA-7DD4160BF2F8}.Release|iPhone.Build.0 = Release|Any CPU
		{B5DF8A8E-EFD3-43F8-ADFA-7DD4160BF2F8}.Release|iPhoneSimulator.ActiveCfg = Release|Any CPU
		{B5DF8A8E-EFD3-43F8-ADFA-7DD4160BF2F8}.Release|iPhoneSimulator.Build.0 = Release|Any CPU
		{248B4BE6-E37C-4513-9CA6-A334C7514E25}.Ad-Hoc|Any CPU.ActiveCfg = Release|Any CPU
		{248B4BE6-E37C-4513-9CA6-A334C7514E25}.Ad-Hoc|Any CPU.Build.0 = Release|Any CPU
		{248B4BE6-E37C-4513-9CA6-A334C7514E25}.Ad-Hoc|iPhone.ActiveCfg = Release|Any CPU
		{248B4BE6-E37C-4513-9CA6-A334C7514E25}.Ad-Hoc|iPhone.Build.0 = Release|Any CPU
		{248B4BE6-E37C-4513-9CA6-A334C7514E25}.Ad-Hoc|iPhoneSimulator.ActiveCfg = Release|Any CPU
		{248B4BE6-E37C-4513-9CA6-A334C7514E25}.Ad-Hoc|iPhoneSimulator.Build.0 = Release|Any CPU
		{248B4BE6-E37C-4513-9CA6-A334C7514E25}.AppStore|Any CPU.ActiveCfg = Release|Any CPU
		{248B4BE6-E37C-4513-9CA6-A334C7514E25}.AppStore|Any CPU.Build.0 = Release|Any CPU
		{248B4BE6-E37C-4513-9CA6-A334C7514E25}.AppStore|iPhone.ActiveCfg = Release|Any CPU
		{248B4BE6-E37C-4513-9CA6-A334C7514E25}.AppStore|iPhone.Build.0 = Release|Any CPU
		{248B4BE6-E37C-4513-9CA6-A334C7514E25}.AppStore|iPhoneSimulator.ActiveCfg = Release|Any CPU
		{248B4BE6-E37C-4513-9CA6-A334C7514E25}.AppStore|iPhoneSimulator.Build.0 = Release|Any CPU
		{248B4BE6-E37C-4513-9CA6-A334C7514E25}.Debug|Any CPU.ActiveCfg = Debug|Any CPU
		{248B4BE6-E37C-4513-9CA6-A334C7514E25}.Debug|Any CPU.Build.0 = Debug|Any CPU
		{248B4BE6-E37C-4513-9CA6-A334C7514E25}.Debug|iPhone.ActiveCfg = Debug|Any CPU
		{248B4BE6-E37C-4513-9CA6-A334C7514E25}.Debug|iPhone.Build.0 = Debug|Any CPU
		{248B4BE6-E37C-4513-9CA6-A334C7514E25}.Debug|iPhoneSimulator.ActiveCfg = Debug|Any CPU
		{248B4BE6-E37C-4513-9CA6-A334C7514E25}.Debug|iPhoneSimulator.Build.0 = Debug|Any CPU
		{248B4BE6-E37C-4513-9CA6-A334C7514E25}.Release|Any CPU.ActiveCfg = Release|Any CPU
		{248B4BE6-E37C-4513-9CA6-A334C7514E25}.Release|Any CPU.Build.0 = Release|Any CPU
		{248B4BE6-E37C-4513-9CA6-A334C7514E25}.Release|iPhone.ActiveCfg = Release|Any CPU
		{248B4BE6-E37C-4513-9CA6-A334C7514E25}.Release|iPhone.Build.0 = Release|Any CPU
		{248B4BE6-E37C-4513-9CA6-A334C7514E25}.Release|iPhoneSimulator.ActiveCfg = Release|Any CPU
		{248B4BE6-E37C-4513-9CA6-A334C7514E25}.Release|iPhoneSimulator.Build.0 = Release|Any CPU
	EndGlobalSection
	GlobalSection(SolutionProperties) = preSolution
		HideSolutionNode = FALSE
	EndGlobalSection
	GlobalSection(ExtensibilityGlobals) = postSolution
		SolutionGuid = {93AE21E1-DF97-4C1F-9F34-DA971528E6B2}
	EndGlobalSection
EndGlobal
